
Microsoft Visual Studio Solution File, Format Version 12.00
# Visual Studio 15
VisualStudioVersion = 15.0.28010.2050
MinimumVisualStudioVersion = 10.0.40219.1
Project("{FAE04EC0-301F-11D3-BF4B-00C04F79EFBC}") = "DatabaseSample", "DatabaseSample\DatabaseSample.csproj", "{10C720FD-1D2C-4B14-8743-2CDE00CE6288}"
EndProject
Project("{FAE04EC0-301F-11D3-BF4B-00C04F79EFBC}") = "EFSample", "EFSample\EFSample.csproj", "{01B83D02-E123-4A03-9F4A-E63F53FBE1FE}"
EndProject
Project("{FAE04EC0-301F-11D3-BF4B-00C04F79EFBC}") = "EFCodeFirstSample", "EFCodeFirstSample\EFCodeFirstSample.csproj", "{DCAD043B-E876-4B9C-BC45-84FC6D10AC18}"
EndProject
Project("{FAE04EC0-301F-11D3-BF4B-00C04F79EFBC}") = "EFCoreSample", "EFCoreSample\EFCoreSample.csproj", "{D494E084-F91B-4A2D-9C37-724B67E80F32}"
EndProject
Global
	GlobalSection(SolutionConfigurationPlatforms) = preSolution
		Debug|Any CPU = Debug|Any CPU
		Release|Any CPU = Release|Any CPU
	EndGlobalSection
	GlobalSection(ProjectConfigurationPlatforms) = postSolution
		{10C720FD-1D2C-4B14-8743-2CDE00CE6288}.Debug|Any CPU.ActiveCfg = Debug|Any CPU
		{10C720FD-1D2C-4B14-8743-2CDE00CE6288}.Debug|Any CPU.Build.0 = Debug|Any CPU
		{10C720FD-1D2C-4B14-8743-2CDE00CE6288}.Release|Any CPU.ActiveCfg = Release|Any CPU
		{10C720FD-1D2C-4B14-8743-2CDE00CE6288}.Release|Any CPU.Build.0 = Release|Any CPU
		{01B83D02-E123-4A03-9F4A-E63F53FBE1FE}.Debug|Any CPU.ActiveCfg = Debug|Any CPU
		{01B83D02-E123-4A03-9F4A-E63F53FBE1FE}.Debug|Any CPU.Build.0 = Debug|Any CPU
		{01B83D02-E123-4A03-9F4A-E63F53FBE1FE}.Release|Any CPU.ActiveCfg = Release|Any CPU
		{01B83D02-E123-4A03-9F4A-E63F53FBE1FE}.Release|Any CPU.Build.0 = Release|Any CPU
		{DCAD043B-E876-4B9C-BC45-84FC6D10AC18}.Debug|Any CPU.ActiveCfg = Debug|Any CPU
		{DCAD043B-E876-4B9C-BC45-84FC6D10AC18}.Debug|Any CPU.Build.0 = Debug|Any CPU
		{DCAD043B-E876-4B9C-BC45-84FC6D10AC18}.Release|Any CPU.ActiveCfg = Release|Any CPU
		{DCAD043B-E876-4B9C-BC45-84FC6D10AC18}.Release|Any CPU.Build.0 = Release|Any CPU
		{D494E084-F91B-4A2D-9C37-724B67E80F32}.Debug|Any CPU.ActiveCfg = Debug|Any CPU
		{D494E084-F91B-4A2D-9C37-724B67E80F32}.Debug|Any CPU.Build.0 = Debug|Any CPU
		{D494E084-F91B-4A2D-9C37-724B67E80F32}.Release|Any CPU.ActiveCfg = Release|Any CPU
		{D494E084-F91B-4A2D-9C37-724B67E80F32}.Release|Any CPU.Build.0 = Release|Any CPU
	EndGlobalSection
	GlobalSection(SolutionProperties) = preSolution
		HideSolutionNode = FALSE
	EndGlobalSection
	GlobalSection(ExtensibilityGlobals) = postSolution
		SolutionGuid = {0E54A83E-8F2B-4713-98C0-59744BFDB43B}
	EndGlobalSection
EndGlobal
